
Microsoft Visual Studio Solution File, Format Version 12.00
# Visual Studio Version 16
VisualStudioVersion = 16.0.30517.126
MinimumVisualStudioVersion = 10.0.40219.1
Project("{FAE04EC0-301F-11D3-BF4B-00C04F79EFBC}") = "01. Sort Numbers", "01. Sort Numbers.csproj", "{AD786AF8-A23D-47C2-996B-F341C091B8DB}"
EndProject
Global
	GlobalSection(SolutionConfigurationPlatforms) = preSolution
		Debug|Any CPU = Debug|Any CPU
		Release|Any CPU = Release|Any CPU
	EndGlobalSection
	GlobalSection(ProjectConfigurationPlatforms) = postSolution
		{AD786AF8-A23D-47C2-996B-F341C091B8DB}.Debug|Any CPU.ActiveCfg = Debug|Any CPU
		{AD786AF8-A23D-47C2-996B-F341C091B8DB}.Debug|Any CPU.Build.0 = Debug|Any CPU
		{AD786AF8-A23D-47C2-996B-F341C091B8DB}.Release|Any CPU.ActiveCfg = Release|Any CPU
		{AD786AF8-A23D-47C2-996B-F341C091B8DB}.Release|Any CPU.Build.0 = Release|Any CPU
	EndGlobalSection
	GlobalSection(SolutionProperties) = preSolution
		HideSolutionNode = FALSE
	EndGlobalSection
	GlobalSection(ExtensibilityGlobals) = postSolution
		SolutionGuid = {1D5DC797-FC05-4867-A47C-A3D7FAFF6E67}
	EndGlobalSection
EndGlobal
