
Microsoft Visual Studio Solution File, Format Version 12.00
# Visual Studio Version 16
VisualStudioVersion = 16.0.30517.126
MinimumVisualStudioVersion = 10.0.40219.1
Project("{FAE04EC0-301F-11D3-BF4B-00C04F79EFBC}") = "11. Multiplication Table 2.0", "11. Multiplication Table 2.0.csproj", "{3FEC29AC-F4FF-45B8-8A0C-DBEB24FCED46}"
EndProject
Global
	GlobalSection(SolutionConfigurationPlatforms) = preSolution
		Debug|Any CPU = Debug|Any CPU
		Release|Any CPU = Release|Any CPU
	EndGlobalSection
	GlobalSection(ProjectConfigurationPlatforms) = postSolution
		{3FEC29AC-F4FF-45B8-8A0C-DBEB24FCED46}.Debug|Any CPU.ActiveCfg = Debug|Any CPU
		{3FEC29AC-F4FF-45B8-8A0C-DBEB24FCED46}.Debug|Any CPU.Build.0 = Debug|Any CPU
		{3FEC29AC-F4FF-45B8-8A0C-DBEB24FCED46}.Release|Any CPU.ActiveCfg = Release|Any CPU
		{3FEC29AC-F4FF-45B8-8A0C-DBEB24FCED46}.Release|Any CPU.Build.0 = Release|Any CPU
	EndGlobalSection
	GlobalSection(SolutionProperties) = preSolution
		HideSolutionNode = FALSE
	EndGlobalSection
	GlobalSection(ExtensibilityGlobals) = postSolution
		SolutionGuid = {E68E2D60-2E00-473E-8853-9A2B8592CB57}
	EndGlobalSection
EndGlobal
