
Microsoft Visual Studio Solution File, Format Version 12.00
# Visual Studio Version 16
VisualStudioVersion = 16.0.30517.126
MinimumVisualStudioVersion = 10.0.40219.1
Project("{FAE04EC0-301F-11D3-BF4B-00C04F79EFBC}") = "05. Login", "05. Login.csproj", "{BA1FEFC6-56CA-4CC9-9831-C0185DE5C461}"
EndProject
Global
	GlobalSection(SolutionConfigurationPlatforms) = preSolution
		Debug|Any CPU = Debug|Any CPU
		Release|Any CPU = Release|Any CPU
	EndGlobalSection
	GlobalSection(ProjectConfigurationPlatforms) = postSolution
		{BA1FEFC6-56CA-4CC9-9831-C0185DE5C461}.Debug|Any CPU.ActiveCfg = Debug|Any CPU
		{BA1FEFC6-56CA-4CC9-9831-C0185DE5C461}.Debug|Any CPU.Build.0 = Debug|Any CPU
		{BA1FEFC6-56CA-4CC9-9831-C0185DE5C461}.Release|Any CPU.ActiveCfg = Release|Any CPU
		{BA1FEFC6-56CA-4CC9-9831-C0185DE5C461}.Release|Any CPU.Build.0 = Release|Any CPU
	EndGlobalSection
	GlobalSection(SolutionProperties) = preSolution
		HideSolutionNode = FALSE
	EndGlobalSection
	GlobalSection(ExtensibilityGlobals) = postSolution
		SolutionGuid = {E112EDE2-1BC4-41A9-AF69-0D46387D0E7C}
	EndGlobalSection
EndGlobal
