
Microsoft Visual Studio Solution File, Format Version 12.00
# Visual Studio Version 16
VisualStudioVersion = 16.0.30517.126
MinimumVisualStudioVersion = 10.0.40219.1
Project("{FAE04EC0-301F-11D3-BF4B-00C04F79EFBC}") = "10. Rage Expenses", "10. Rage Expenses.csproj", "{A8A434BF-CE93-4D4D-A985-45B068A40F87}"
EndProject
Global
	GlobalSection(SolutionConfigurationPlatforms) = preSolution
		Debug|Any CPU = Debug|Any CPU
		Release|Any CPU = Release|Any CPU
	EndGlobalSection
	GlobalSection(ProjectConfigurationPlatforms) = postSolution
		{A8A434BF-CE93-4D4D-A985-45B068A40F87}.Debug|Any CPU.ActiveCfg = Debug|Any CPU
		{A8A434BF-CE93-4D4D-A985-45B068A40F87}.Debug|Any CPU.Build.0 = Debug|Any CPU
		{A8A434BF-CE93-4D4D-A985-45B068A40F87}.Release|Any CPU.ActiveCfg = Release|Any CPU
		{A8A434BF-CE93-4D4D-A985-45B068A40F87}.Release|Any CPU.Build.0 = Release|Any CPU
	EndGlobalSection
	GlobalSection(SolutionProperties) = preSolution
		HideSolutionNode = FALSE
	EndGlobalSection
	GlobalSection(ExtensibilityGlobals) = postSolution
		SolutionGuid = {6C762205-2698-4714-B8C8-4AB42BC902D4}
	EndGlobalSection
EndGlobal
