
Microsoft Visual Studio Solution File, Format Version 12.00
# Visual Studio Version 16
VisualStudioVersion = 16.0.30517.126
MinimumVisualStudioVersion = 10.0.40219.1
Project("{FAE04EC0-301F-11D3-BF4B-00C04F79EFBC}") = "04. Sum of Chars", "04. Sum of Chars.csproj", "{88FF1B67-92AF-450F-B1A3-DB843F1999A6}"
EndProject
Global
	GlobalSection(SolutionConfigurationPlatforms) = preSolution
		Debug|Any CPU = Debug|Any CPU
		Release|Any CPU = Release|Any CPU
	EndGlobalSection
	GlobalSection(ProjectConfigurationPlatforms) = postSolution
		{88FF1B67-92AF-450F-B1A3-DB843F1999A6}.Debug|Any CPU.ActiveCfg = Debug|Any CPU
		{88FF1B67-92AF-450F-B1A3-DB843F1999A6}.Debug|Any CPU.Build.0 = Debug|Any CPU
		{88FF1B67-92AF-450F-B1A3-DB843F1999A6}.Release|Any CPU.ActiveCfg = Release|Any CPU
		{88FF1B67-92AF-450F-B1A3-DB843F1999A6}.Release|Any CPU.Build.0 = Release|Any CPU
	EndGlobalSection
	GlobalSection(SolutionProperties) = preSolution
		HideSolutionNode = FALSE
	EndGlobalSection
	GlobalSection(ExtensibilityGlobals) = postSolution
		SolutionGuid = {F6C7C50F-3903-4E0C-9ADB-D1ABA6BFDB09}
	EndGlobalSection
EndGlobal
