
Microsoft Visual Studio Solution File, Format Version 12.00
# Visual Studio Version 16
VisualStudioVersion = 16.0.30517.126
MinimumVisualStudioVersion = 10.0.40219.1
Project("{FAE04EC0-301F-11D3-BF4B-00C04F79EFBC}") = "10. Multiplication Table", "10. Multiplication Table.csproj", "{AD3E1347-3E65-4915-8317-C1D7F76A9535}"
EndProject
Global
	GlobalSection(SolutionConfigurationPlatforms) = preSolution
		Debug|Any CPU = Debug|Any CPU
		Release|Any CPU = Release|Any CPU
	EndGlobalSection
	GlobalSection(ProjectConfigurationPlatforms) = postSolution
		{AD3E1347-3E65-4915-8317-C1D7F76A9535}.Debug|Any CPU.ActiveCfg = Debug|Any CPU
		{AD3E1347-3E65-4915-8317-C1D7F76A9535}.Debug|Any CPU.Build.0 = Debug|Any CPU
		{AD3E1347-3E65-4915-8317-C1D7F76A9535}.Release|Any CPU.ActiveCfg = Release|Any CPU
		{AD3E1347-3E65-4915-8317-C1D7F76A9535}.Release|Any CPU.Build.0 = Release|Any CPU
	EndGlobalSection
	GlobalSection(SolutionProperties) = preSolution
		HideSolutionNode = FALSE
	EndGlobalSection
	GlobalSection(ExtensibilityGlobals) = postSolution
		SolutionGuid = {786912A8-CEE0-412C-A4F0-AF98450E715C}
	EndGlobalSection
EndGlobal
