
Microsoft Visual Studio Solution File, Format Version 12.00
# Visual Studio Version 16
VisualStudioVersion = 16.0.30517.126
MinimumVisualStudioVersion = 10.0.40219.1
Project("{FAE04EC0-301F-11D3-BF4B-00C04F79EFBC}") = "04. Reverse String", "04. Reverse String.csproj", "{77F1C1C1-7A66-4676-9F8B-C6BE4C5DBEA9}"
EndProject
Global
	GlobalSection(SolutionConfigurationPlatforms) = preSolution
		Debug|Any CPU = Debug|Any CPU
		Release|Any CPU = Release|Any CPU
	EndGlobalSection
	GlobalSection(ProjectConfigurationPlatforms) = postSolution
		{77F1C1C1-7A66-4676-9F8B-C6BE4C5DBEA9}.Debug|Any CPU.ActiveCfg = Debug|Any CPU
		{77F1C1C1-7A66-4676-9F8B-C6BE4C5DBEA9}.Debug|Any CPU.Build.0 = Debug|Any CPU
		{77F1C1C1-7A66-4676-9F8B-C6BE4C5DBEA9}.Release|Any CPU.ActiveCfg = Release|Any CPU
		{77F1C1C1-7A66-4676-9F8B-C6BE4C5DBEA9}.Release|Any CPU.Build.0 = Release|Any CPU
	EndGlobalSection
	GlobalSection(SolutionProperties) = preSolution
		HideSolutionNode = FALSE
	EndGlobalSection
	GlobalSection(ExtensibilityGlobals) = postSolution
		SolutionGuid = {EF48ACF0-5EF4-4219-BA4F-1403975D8A40}
	EndGlobalSection
EndGlobal
