
Microsoft Visual Studio Solution File, Format Version 12.00
# Visual Studio Version 16
VisualStudioVersion = 16.0.30517.126
MinimumVisualStudioVersion = 10.0.40219.1
Project("{FAE04EC0-301F-11D3-BF4B-00C04F79EFBC}") = "04. Print and sum", "04. Print and sum.csproj", "{413AA04C-4EFE-4EAE-8C2A-946E4F834F12}"
EndProject
Global
	GlobalSection(SolutionConfigurationPlatforms) = preSolution
		Debug|Any CPU = Debug|Any CPU
		Release|Any CPU = Release|Any CPU
	EndGlobalSection
	GlobalSection(ProjectConfigurationPlatforms) = postSolution
		{413AA04C-4EFE-4EAE-8C2A-946E4F834F12}.Debug|Any CPU.ActiveCfg = Debug|Any CPU
		{413AA04C-4EFE-4EAE-8C2A-946E4F834F12}.Debug|Any CPU.Build.0 = Debug|Any CPU
		{413AA04C-4EFE-4EAE-8C2A-946E4F834F12}.Release|Any CPU.ActiveCfg = Release|Any CPU
		{413AA04C-4EFE-4EAE-8C2A-946E4F834F12}.Release|Any CPU.Build.0 = Release|Any CPU
	EndGlobalSection
	GlobalSection(SolutionProperties) = preSolution
		HideSolutionNode = FALSE
	EndGlobalSection
	GlobalSection(ExtensibilityGlobals) = postSolution
		SolutionGuid = {DE23C6E0-D678-486B-88FF-0A3B4CC4C37B}
	EndGlobalSection
EndGlobal
